
Microsoft Visual Studio Solution File, Format Version 12.00
# Visual Studio Version 17
VisualStudioVersion = 17.7.34221.43
MinimumVisualStudioVersion = 10.0.40219.1
Project("{FAE04EC0-301F-11D3-BF4B-00C04F79EFBC}") = "Generator", "Generator\Generator.csproj", "{F174066B-2CA6-4ECD-89E5-CEB335C9DDE4}"
EndProject
Project("{FAE04EC0-301F-11D3-BF4B-00C04F79EFBC}") = "Shared", "Shared\Shared.csproj", "{1A0507E0-79F8-43E5-9979-5F401FB7C59F}"
EndProject
Project("{FAE04EC0-301F-11D3-BF4B-00C04F79EFBC}") = "Testing", "Testing\Testing.csproj", "{A061C86C-1A5A-4523-8907-FCFEC0EC79E2}"
EndProject
Global
	GlobalSection(SolutionConfigurationPlatforms) = preSolution
		Debug|Any CPU = Debug|Any CPU
		Release|Any CPU = Release|Any CPU
	EndGlobalSection
	GlobalSection(ProjectConfigurationPlatforms) = postSolution
		{F174066B-2CA6-4ECD-89E5-CEB335C9DDE4}.Debug|Any CPU.ActiveCfg = Debug|Any CPU
		{F174066B-2CA6-4ECD-89E5-CEB335C9DDE4}.Debug|Any CPU.Build.0 = Debug|Any CPU
		{F174066B-2CA6-4ECD-89E5-CEB335C9DDE4}.Release|Any CPU.ActiveCfg = Release|Any CPU
		{F174066B-2CA6-4ECD-89E5-CEB335C9DDE4}.Release|Any CPU.Build.0 = Release|Any CPU
		{1A0507E0-79F8-43E5-9979-5F401FB7C59F}.Debug|Any CPU.ActiveCfg = Debug|Any CPU
		{1A0507E0-79F8-43E5-9979-5F401FB7C59F}.Debug|Any CPU.Build.0 = Debug|Any CPU
		{1A0507E0-79F8-43E5-9979-5F401FB7C59F}.Release|Any CPU.ActiveCfg = Release|Any CPU
		{1A0507E0-79F8-43E5-9979-5F401FB7C59F}.Release|Any CPU.Build.0 = Release|Any CPU
		{A061C86C-1A5A-4523-8907-FCFEC0EC79E2}.Debug|Any CPU.ActiveCfg = Debug|Any CPU
		{A061C86C-1A5A-4523-8907-FCFEC0EC79E2}.Debug|Any CPU.Build.0 = Debug|Any CPU
		{A061C86C-1A5A-4523-8907-FCFEC0EC79E2}.Release|Any CPU.ActiveCfg = Release|Any CPU
		{A061C86C-1A5A-4523-8907-FCFEC0EC79E2}.Release|Any CPU.Build.0 = Release|Any CPU
	EndGlobalSection
	GlobalSection(SolutionProperties) = preSolution
		HideSolutionNode = FALSE
	EndGlobalSection
	GlobalSection(ExtensibilityGlobals) = postSolution
		SolutionGuid = {0D02E329-701E-4FC4-9F83-41CE48537B18}
	EndGlobalSection
EndGlobal
